// !$*UTF8*$!
{
	archiveVersion = 1;
	classes = {
	};
	objectVersion = 46;
	objects = {

/* Begin PBXBuildFile section */
		C634D3411DBC9B4300F64BEE /* AppDelegate.swift in Sources */ = {isa = PBXBuildFile; fileRef = C634D3401DBC9B4300F64BEE /* AppDelegate.swift */; };
		C634D3431DBC9B4300F64BEE /* ViewController.swift in Sources */ = {isa = PBXBuildFile; fileRef = C634D3421DBC9B4300F64BEE /* ViewController.swift */; };
		C634D3451DBC9B4300F64BEE /* Assets.xcassets in Resources */ = {isa = PBXBuildFile; fileRef = C634D3441DBC9B4300F64BEE /* Assets.xcassets */; };
		C634D3481DBC9B4300F64BEE /* Main.storyboard in Resources */ = {isa = PBXBuildFile; fileRef = C634D3461DBC9B4300F64BEE /* Main.storyboard */; };
		C634D3501DBC9D0D00F64BEE /* StopSpotify.scpt in Resources */ = {isa = PBXBuildFile; fileRef = C634D34F1DBC9D0D00F64BEE /* StopSpotify.scpt */; };
		C634D3531DBC9E6400F64BEE /* PlaySpotify.scpt in Resources */ = {isa = PBXBuildFile; fileRef = C634D3521DBC9E6400F64BEE /* PlaySpotify.scpt */; };
/* End PBXBuildFile section */

/* Begin PBXFileReference section */
		C634D33D1DBC9B4300F64BEE /* SpotifyTimer.app */ = {isa = PBXFileReference; explicitFileType = wrapper.application; includeInIndex = 0; path = SpotifyTimer.app; sourceTree = BUILT_PRODUCTS_DIR; };
		C634D3401DBC9B4300F64BEE /* AppDelegate.swift */ = {isa = PBXFileReference; lastKnownFileType = sourcecode.swift; path = AppDelegate.swift; sourceTree = "<group>"; };
		C634D3421DBC9B4300F64BEE /* ViewController.swift */ = {isa = PBXFileReference; lastKnownFileType = sourcecode.swift; path = ViewController.swift; sourceTree = "<group>"; };
		C634D3441DBC9B4300F64BEE /* Assets.xcassets */ = {isa = PBXFileReference; lastKnownFileType = folder.assetcatalog; path = Assets.xcassets; sourceTree = "<group>"; };
		C634D3471DBC9B4300F64BEE /* Base */ = {isa = PBXFileReference; lastKnownFileType = file.storyboard; name = Base; path = Base.lproj/Main.storyboard; sourceTree = "<group>"; };
		C634D3491DBC9B4300F64BEE /* Info.plist */ = {isa = PBXFileReference; lastKnownFileType = text.plist.xml; path = Info.plist; sourceTree = "<group>"; };
		C634D34F1DBC9D0D00F64BEE /* StopSpotify.scpt */ = {isa = PBXFileReference; lastKnownFileType = file; path = StopSpotify.scpt; sourceTree = "<group>"; };
		C634D3521DBC9E6400F64BEE /* PlaySpotify.scpt */ = {isa = PBXFileReference; lastKnownFileType = file; path = PlaySpotify.scpt; sourceTree = "<group>"; };
/* End PBXFileReference section */

/* Begin PBXFrameworksBuildPhase section */
		C634D33A1DBC9B4300F64BEE /* Frameworks */ = {
			isa = PBXFrameworksBuildPhase;
			buildActionMask = 2147483647;
			files = (
			);
			runOnlyForDeploymentPostprocessing = 0;
		};
/* End PBXFrameworksBuildPhase section */

/* Begin PBXGroup section */
		C634D3341DBC9B4300F64BEE = {
			isa = PBXGroup;
			children = (
				C634D33F1DBC9B4300F64BEE /* SpotifyTimer */,
				C634D33E1DBC9B4300F64BEE /* Products */,
			);
			sourceTree = "<group>";
		};
		C634D33E1DBC9B4300F64BEE /* Products */ = {
			isa = PBXGroup;
			children = (
				C634D33D1DBC9B4300F64BEE /* SpotifyTimer.app */,
			);
			name = Products;
			sourceTree = "<group>";
		};
		C634D33F1DBC9B4300F64BEE /* SpotifyTimer */ = {
			isa = PBXGroup;
			children = (
				C634D3511DBC9E1C00F64BEE /* Script */,
				C634D3401DBC9B4300F64BEE /* AppDelegate.swift */,
				C634D3421DBC9B4300F64BEE /* ViewController.swift */,
				C634D3441DBC9B4300F64BEE /* Assets.xcassets */,
				C634D3461DBC9B4300F64BEE /* Main.storyboard */,
				C634D3491DBC9B4300F64BEE /* Info.plist */,
			);
			path = SpotifyTimer;
			sourceTree = "<group>";
		};
		C634D3511DBC9E1C00F64BEE /* Script */ = {
			isa = PBXGroup;
			children = (
				C634D3521DBC9E6400F64BEE /* PlaySpotify.scpt */,
				C634D34F1DBC9D0D00F64BEE /* StopSpotify.scpt */,
			);
			name = Script;
			sourceTree = "<group>";
		};
/* End PBXGroup section */

/* Begin PBXNativeTarget section */
		C634D33C1DBC9B4300F64BEE /* SpotifyTimer */ = {
			isa = PBXNativeTarget;
			buildConfigurationList = C634D34C1DBC9B4300F64BEE /* Build configuration list for PBXNativeTarget "SpotifyTimer" */;
			buildPhases = (
				C634D3391DBC9B4300F64BEE /* Sources */,
				C634D33A1DBC9B4300F64BEE /* Frameworks */,
				C634D33B1DBC9B4300F64BEE /* Resources */,
			);
			buildRules = (
			);
			dependencies = (
			);
			name = SpotifyTimer;
			productName = SpotifyTimer;
			productReference = C634D33D1DBC9B4300F64BEE /* SpotifyTimer.app */;
			productType = "com.apple.product-type.application";
		};
/* End PBXNativeTarget section */

/* Begin PBXProject section */
		C634D3351DBC9B4300F64BEE /* Project object */ = {
			isa = PBXProject;
			attributes = {
				LastSwiftUpdateCheck = 0800;
				LastUpgradeCheck = 0800;
				ORGANIZATIONNAME = "Shoya Shiraki";
				TargetAttributes = {
					C634D33C1DBC9B4300F64BEE = {
						CreatedOnToolsVersion = 8.0;
						ProvisioningStyle = Automatic;
					};
				};
			};
			buildConfigurationList = C634D3381DBC9B4300F64BEE /* Build configuration list for PBXProject "SpotifyTimer" */;
			compatibilityVersion = "Xcode 3.2";
			developmentRegion = English;
			hasScannedForEncodings = 0;
			knownRegions = (
				en,
				Base,
			);
			mainGroup = C634D3341DBC9B4300F64BEE;
			productRefGroup = C634D33E1DBC9B4300F64BEE /* Products */;
			projectDirPath = "";
			projectRoot = "";
			targets = (
				C634D33C1DBC9B4300F64BEE /* SpotifyTimer */,
			);
		};
/* End PBXProject section */

/* Begin PBXResourcesBuildPhase section */
		C634D33B1DBC9B4300F64BEE /* Resources */ = {
			isa = PBXResourcesBuildPhase;
			buildActionMask = 2147483647;
			files = (
				C634D3531DBC9E6400F64BEE /* PlaySpotify.scpt in Resources */,
				C634D3451DBC9B4300F64BEE /* Assets.xcassets in Resources */,
				C634D3501DBC9D0D00F64BEE /* StopSpotify.scpt in Resources */,
				C634D3481DBC9B4300F64BEE /* Main.storyboard in Resources */,
			);
			runOnlyForDeploymentPostprocessing = 0;
		};
/* End PBXResourcesBuildPhase section */

/* Begin PBXSourcesBuildPhase section */
		C634D3391DBC9B4300F64BEE /* Sources */ = {
			isa = PBXSourcesBuildPhase;
			buildActionMask = 2147483647;
			files = (
				C634D3431DBC9B4300F64BEE /* ViewController.swift in Sources */,
				C634D3411DBC9B4300F64BEE /* AppDelegate.swift in Sources */,
			);
			runOnlyForDeploymentPostprocessing = 0;
		};
/* End PBXSourcesBuildPhase section */

/* Begin PBXVariantGroup section */
		C634D3461DBC9B4300F64BEE /* Main.storyboard */ = {
			isa = PBXVariantGroup;
			children = (
				C634D3471DBC9B4300F64BEE /* Base */,
			);
			name = Main.storyboard;
			sourceTree = "<group>";
		};
/* End PBXVariantGroup section */

/* Begin XCBuildConfiguration section */
		C634D34A1DBC9B4300F64BEE /* Debug */ = {
			isa = XCBuildConfiguration;
			buildSettings = {
				ALWAYS_SEARCH_USER_PATHS = NO;
				CLANG_ANALYZER_NONNULL = YES;
				CLANG_CXX_LANGUAGE_STANDARD = "gnu++0x";
				CLANG_CXX_LIBRARY = "libc++";
				CLANG_ENABLE_MODULES = YES;
				CLANG_ENABLE_OBJC_ARC = YES;
				CLANG_WARN_BOOL_CONVERSION = YES;
				CLANG_WARN_CONSTANT_CONVERSION = YES;
				CLANG_WARN_DIRECT_OBJC_ISA_USAGE = YES_ERROR;
				CLANG_WARN_DOCUMENTATION_COMMENTS = YES;
				CLANG_WARN_EMPTY_BODY = YES;
				CLANG_WARN_ENUM_CONVERSION = YES;
				CLANG_WARN_INFINITE_RECURSION = YES;
				CLANG_WARN_INT_CONVERSION = YES;
				CLANG_WARN_OBJC_ROOT_CLASS = YES_ERROR;
				CLANG_WARN_SUSPICIOUS_MOVES = YES;
				CLANG_WARN_UNREACHABLE_CODE = YES;
				CLANG_WARN__DUPLICATE_METHOD_MATCH = YES;
				CODE_SIGN_IDENTITY = "-";
				COPY_PHASE_STRIP = NO;
				DEBUG_INFORMATION_FORMAT = dwarf;
				ENABLE_STRICT_OBJC_MSGSEND = YES;
				ENABLE_TESTABILITY = YES;
				GCC_C_LANGUAGE_STANDARD = gnu99;
				GCC_DYNAMIC_NO_PIC = NO;
				GCC_NO_COMMON_BLOCKS = YES;
				GCC_OPTIMIZATION_LEVEL = 0;
				GCC_PREPROCESSOR_DEFINITIONS = (
					"DEBUG=1",
					"$(inherited)",
				);
				GCC_WARN_64_TO_32_BIT_CONVERSION = YES;
				GCC_WARN_ABOUT_RETURN_TYPE = YES_ERROR;
				GCC_WARN_UNDECLARED_SELECTOR = YES;
				GCC_WARN_UNINITIALIZED_AUTOS = YES_AGGRESSIVE;
				GCC_WARN_UNUSED_FUNCTION = YES;
				GCC_WARN_UNUSED_VARIABLE = YES;
				MACOSX_DEPLOYMENT_TARGET = 10.11;
				MTL_ENABLE_DEBUG_INFO = YES;
				ONLY_ACTIVE_ARCH = YES;
				SDKROOT = macosx;
				SWIFT_ACTIVE_COMPILATION_CONDITIONS = DEBUG;
				SWIFT_OPTIMIZATION_LEVEL = "-Onone";
			};
			name = Debug;
		};
		C634D34B1DBC9B4300F64BEE /* Release */ = {
			isa = XCBuildConfiguration;
			buildSettings = {
				ALWAYS_SEARCH_USER_PATHS = NO;
				CLANG_ANALYZER_NONNULL = YES;
				CLANG_CXX_LANGUAGE_STANDARD = "gnu++0x";
				CLANG_CXX_LIBRARY = "libc++";
				CLANG_ENABLE_MODULES = YES;
				CLANG_ENABLE_OBJC_ARC = YES;
				CLANG_WARN_BOOL_CONVERSION = YES;
				CLANG_WARN_CONSTANT_CONVERSION = YES;
				CLANG_WARN_DIRECT_OBJC_ISA_USAGE = YES_ERROR;
				CLANG_WARN_DOCUMENTATION_COMMENTS = YES;
				CLANG_WARN_EMPTY_BODY = YES;
				CLANG_WARN_ENUM_CONVERSION = YES;
				CLANG_WARN_INFINITE_RECURSION = YES;
				CLANG_WARN_INT_CONVERSION = YES;
				CLANG_WARN_OBJC_ROOT_CLASS = YES_ERROR;
				CLANG_WARN_SUSPICIOUS_MOVES = YES;
				CLANG_WARN_UNREACHABLE_CODE = YES;
				CLANG_WARN__DUPLICATE_METHOD_MATCH = YES;
				CODE_SIGN_IDENTITY = "-";
				COPY_PHASE_STRIP = NO;
				DEBUG_INFORMATION_FORMAT = "dwarf-with-dsym";
				ENABLE_NS_ASSERTIONS = NO;
				ENABLE_STRICT_OBJC_MSGSEND = YES;
				GCC_C_LANGUAGE_STANDARD = gnu99;
				GCC_NO_COMMON_BLOCKS = YES;
				GCC_WARN_64_TO_32_BIT_CONVERSION = YES;
				GCC_WARN_ABOUT_RETURN_TYPE = YES_ERROR;
				GCC_WARN_UNDECLARED_SELECTOR = YES;
				GCC_WARN_UNINITIALIZED_AUTOS = YES_AGGRESSIVE;
				GCC_WARN_UNUSED_FUNCTION = YES;
				GCC_WARN_UNUSED_VARIABLE = YES;
				MACOSX_DEPLOYMENT_TARGET = 10.11;
				MTL_ENABLE_DEBUG_INFO = NO;
				SDKROOT = macosx;
				SWIFT_OPTIMIZATION_LEVEL = "-Owholemodule";
			};
			name = Release;
		};
		C634D34D1DBC9B4300F64BEE /* Debug */ = {
			isa = XCBuildConfiguration;
			buildSettings = {
				ASSETCATALOG_COMPILER_APPICON_NAME = AppIcon;
				COMBINE_HIDPI_IMAGES = YES;
				INFOPLIST_FILE = SpotifyTimer/Info.plist;
				LD_RUNPATH_SEARCH_PATHS = "$(inherited) @executable_path/../Frameworks";
				PRODUCT_BUNDLE_IDENTIFIER = morugu.SpotifyTimer;
				PRODUCT_NAME = "$(TARGET_NAME)";
				SWIFT_VERSION = 3.0;
			};
			name = Debug;
		};
		C634D34E1DBC9B4300F64BEE /* Release */ = {
			isa = XCBuildConfiguration;
			buildSettings = {
				ASSETCATALOG_COMPILER_APPICON_NAME = AppIcon;
				COMBINE_HIDPI_IMAGES = YES;
				INFOPLIST_FILE = SpotifyTimer/Info.plist;
				LD_RUNPATH_SEARCH_PATHS = "$(inherited) @executable_path/../Frameworks";
				PRODUCT_BUNDLE_IDENTIFIER = morugu.SpotifyTimer;
				PRODUCT_NAME = "$(TARGET_NAME)";
				SWIFT_VERSION = 3.0;
			};
			name = Release;
		};
/* End XCBuildConfiguration section */

/* Begin XCConfigurationList section */
		C634D3381DBC9B4300F64BEE /* Build configuration list for PBXProject "SpotifyTimer" */ = {
			isa = XCConfigurationList;
			buildConfigurations = (
				C634D34A1DBC9B4300F64BEE /* Debug */,
				C634D34B1DBC9B4300F64BEE /* Release */,
			);
			defaultConfigurationIsVisible = 0;
			defaultConfigurationName = Release;
		};
		C634D34C1DBC9B4300F64BEE /* Build configuration list for PBXNativeTarget "SpotifyTimer" */ = {
			isa = XCConfigurationList;
			buildConfigurations = (
				C634D34D1DBC9B4300F64BEE /* Debug */,
				C634D34E1DBC9B4300F64BEE /* Release */,
			);
			defaultConfigurationIsVisible = 0;
		};
/* End XCConfigurationList section */
	};
	rootObject = C634D3351DBC9B4300F64BEE /* Project object */;
}
